
Microsoft Visual Studio Solution File, Format Version 12.00
# Visual Studio 15
VisualStudioVersion = 15.0.27428.2043
MinimumVisualStudioVersion = 10.0.40219.1
Project("{FAE04EC0-301F-11D3-BF4B-00C04F79EFBC}") = "Z80AssemblyParsing", "Z80AssemblyParsing\Z80AssemblyParsing.csproj", "{B1811A0A-2D7A-415F-B392-A90CA6B5DD40}"
EndProject
Project("{FAE04EC0-301F-11D3-BF4B-00C04F79EFBC}") = "Z80AssemblyParsingTests", "Z80AssemblyParsingTests\Z80AssemblyParsingTests.csproj", "{F6BD57A8-C9A5-4A74-9BF5-3DAB48FA87B4}"
EndProject
Global
	GlobalSection(SolutionConfigurationPlatforms) = preSolution
		Debug|Any CPU = Debug|Any CPU
		Release|Any CPU = Release|Any CPU
	EndGlobalSection
	GlobalSection(ProjectConfigurationPlatforms) = postSolution
		{B1811A0A-2D7A-415F-B392-A90CA6B5DD40}.Debug|Any CPU.ActiveCfg = Debug|Any CPU
		{B1811A0A-2D7A-415F-B392-A90CA6B5DD40}.Debug|Any CPU.Build.0 = Debug|Any CPU
		{B1811A0A-2D7A-415F-B392-A90CA6B5DD40}.Release|Any CPU.ActiveCfg = Release|Any CPU
		{B1811A0A-2D7A-415F-B392-A90CA6B5DD40}.Release|Any CPU.Build.0 = Release|Any CPU
		{F6BD57A8-C9A5-4A74-9BF5-3DAB48FA87B4}.Debug|Any CPU.ActiveCfg = Debug|Any CPU
		{F6BD57A8-C9A5-4A74-9BF5-3DAB48FA87B4}.Debug|Any CPU.Build.0 = Debug|Any CPU
		{F6BD57A8-C9A5-4A74-9BF5-3DAB48FA87B4}.Release|Any CPU.ActiveCfg = Release|Any CPU
		{F6BD57A8-C9A5-4A74-9BF5-3DAB48FA87B4}.Release|Any CPU.Build.0 = Release|Any CPU
	EndGlobalSection
	GlobalSection(SolutionProperties) = preSolution
		HideSolutionNode = FALSE
	EndGlobalSection
	GlobalSection(ExtensibilityGlobals) = postSolution
		SolutionGuid = {BAFA4CF4-134C-49BE-8D56-98B67204D67F}
	EndGlobalSection
EndGlobal
