
Microsoft Visual Studio Solution File, Format Version 12.00
# Visual Studio Version 16
VisualStudioVersion = 16.0.29025.244
MinimumVisualStudioVersion = 10.0.40219.1
Project("{9A19103F-16F7-4668-BE54-9A1E7A4F7556}") = "Z80AssemblyParsing", "Z80AssemblyParsing\Z80AssemblyParsing.csproj", "{B1811A0A-2D7A-415F-B392-A90CA6B5DD40}"
EndProject
Project("{9A19103F-16F7-4668-BE54-9A1E7A4F7556}") = "Z80AssemblyParsingTests", "Z80AssemblyParsingTests\Z80AssemblyParsingTests.csproj", "{F6BD57A8-C9A5-4A74-9BF5-3DAB48FA87B4}"
EndProject
Project("{9A19103F-16F7-4668-BE54-9A1E7A4F7556}") = "TMS9900Translating", "TMS9900Translating\TMS9900Translating.csproj", "{14867C3F-F7EC-4120-9467-5F7FFA5253A4}"
EndProject
Project("{9A19103F-16F7-4668-BE54-9A1E7A4F7556}") = "TMS9900TranslatingTests", "TMS9900TranslatingTests\TMS9900TranslatingTests.csproj", "{7D945851-64B5-410E-9D7E-A32D50F69258}"
EndProject
Project("{FAE04EC0-301F-11D3-BF4B-00C04F79EFBC}") = "Z80toTMS9900console", "Z80toTMS9900console\Z80toTMS9900console.csproj", "{83538DEE-B5A4-4599-96AF-8975561D5A88}"
EndProject
Global
	GlobalSection(SolutionConfigurationPlatforms) = preSolution
		Debug|Any CPU = Debug|Any CPU
		Release|Any CPU = Release|Any CPU
	EndGlobalSection
	GlobalSection(ProjectConfigurationPlatforms) = postSolution
		{B1811A0A-2D7A-415F-B392-A90CA6B5DD40}.Debug|Any CPU.ActiveCfg = Debug|Any CPU
		{B1811A0A-2D7A-415F-B392-A90CA6B5DD40}.Debug|Any CPU.Build.0 = Debug|Any CPU
		{B1811A0A-2D7A-415F-B392-A90CA6B5DD40}.Release|Any CPU.ActiveCfg = Release|Any CPU
		{B1811A0A-2D7A-415F-B392-A90CA6B5DD40}.Release|Any CPU.Build.0 = Release|Any CPU
		{F6BD57A8-C9A5-4A74-9BF5-3DAB48FA87B4}.Debug|Any CPU.ActiveCfg = Debug|Any CPU
		{F6BD57A8-C9A5-4A74-9BF5-3DAB48FA87B4}.Debug|Any CPU.Build.0 = Debug|Any CPU
		{F6BD57A8-C9A5-4A74-9BF5-3DAB48FA87B4}.Release|Any CPU.ActiveCfg = Release|Any CPU
		{F6BD57A8-C9A5-4A74-9BF5-3DAB48FA87B4}.Release|Any CPU.Build.0 = Release|Any CPU
		{14867C3F-F7EC-4120-9467-5F7FFA5253A4}.Debug|Any CPU.ActiveCfg = Debug|Any CPU
		{14867C3F-F7EC-4120-9467-5F7FFA5253A4}.Debug|Any CPU.Build.0 = Debug|Any CPU
		{14867C3F-F7EC-4120-9467-5F7FFA5253A4}.Release|Any CPU.ActiveCfg = Release|Any CPU
		{14867C3F-F7EC-4120-9467-5F7FFA5253A4}.Release|Any CPU.Build.0 = Release|Any CPU
		{7D945851-64B5-410E-9D7E-A32D50F69258}.Debug|Any CPU.ActiveCfg = Debug|Any CPU
		{7D945851-64B5-410E-9D7E-A32D50F69258}.Debug|Any CPU.Build.0 = Debug|Any CPU
		{7D945851-64B5-410E-9D7E-A32D50F69258}.Release|Any CPU.ActiveCfg = Release|Any CPU
		{7D945851-64B5-410E-9D7E-A32D50F69258}.Release|Any CPU.Build.0 = Release|Any CPU
		{83538DEE-B5A4-4599-96AF-8975561D5A88}.Debug|Any CPU.ActiveCfg = Debug|Any CPU
		{83538DEE-B5A4-4599-96AF-8975561D5A88}.Debug|Any CPU.Build.0 = Debug|Any CPU
		{83538DEE-B5A4-4599-96AF-8975561D5A88}.Release|Any CPU.ActiveCfg = Release|Any CPU
		{83538DEE-B5A4-4599-96AF-8975561D5A88}.Release|Any CPU.Build.0 = Release|Any CPU
	EndGlobalSection
	GlobalSection(SolutionProperties) = preSolution
		HideSolutionNode = FALSE
	EndGlobalSection
	GlobalSection(ExtensibilityGlobals) = postSolution
		SolutionGuid = {BAFA4CF4-134C-49BE-8D56-98B67204D67F}
	EndGlobalSection
EndGlobal
